
Microsoft Visual Studio Solution File, Format Version 12.00
# Visual Studio Version 16
VisualStudioVersion = 16.0.31321.278
MinimumVisualStudioVersion = 10.0.40219.1
Project("{9A19103F-16F7-4668-BE54-9A1E7A4F7556}") = "AuthExperiments", "auth\AADIdentity.csproj", "{A453AC5F-9E5B-40A3-A140-4AA920698963}"
EndProject
Global
	GlobalSection(SolutionConfigurationPlatforms) = preSolution
		Debug|Any CPU = Debug|Any CPU
		Release|Any CPU = Release|Any CPU
	EndGlobalSection
	GlobalSection(ProjectConfigurationPlatforms) = postSolution
		{A453AC5F-9E5B-40A3-A140-4AA920698963}.Debug|Any CPU.ActiveCfg = Debug|Any CPU
		{A453AC5F-9E5B-40A3-A140-4AA920698963}.Debug|Any CPU.Build.0 = Debug|Any CPU
		{A453AC5F-9E5B-40A3-A140-4AA920698963}.Release|Any CPU.ActiveCfg = Release|Any CPU
		{A453AC5F-9E5B-40A3-A140-4AA920698963}.Release|Any CPU.Build.0 = Release|Any CPU
	EndGlobalSection
	GlobalSection(SolutionProperties) = preSolution
		HideSolutionNode = FALSE
	EndGlobalSection
	GlobalSection(ExtensibilityGlobals) = postSolution
		SolutionGuid = {B881B2F7-7E74-4B75-A664-D788A95DA044}
	EndGlobalSection
EndGlobal
